
Microsoft Visual Studio Solution File, Format Version 12.00
# Visual Studio Version 16
VisualStudioVersion = 16.0.29326.143
MinimumVisualStudioVersion = 10.0.40219.1
Project("{FAE04EC0-301F-11D3-BF4B-00C04F79EFBC}") = "TicTacToe", "TicTacToe\TicTacToe.csproj", "{74E61C68-DDA5-415E-8D19-E89E79808986}"
EndProject
Global
	GlobalSection(SolutionConfigurationPlatforms) = preSolution
		Debug|Any CPU = Debug|Any CPU
		Release|Any CPU = Release|Any CPU
	EndGlobalSection
	GlobalSection(ProjectConfigurationPlatforms) = postSolution
		{74E61C68-DDA5-415E-8D19-E89E79808986}.Debug|Any CPU.ActiveCfg = Debug|Any CPU
		{74E61C68-DDA5-415E-8D19-E89E79808986}.Debug|Any CPU.Build.0 = Debug|Any CPU
		{74E61C68-DDA5-415E-8D19-E89E79808986}.Release|Any CPU.ActiveCfg = Release|Any CPU
		{74E61C68-DDA5-415E-8D19-E89E79808986}.Release|Any CPU.Build.0 = Release|Any CPU
	EndGlobalSection
	GlobalSection(SolutionProperties) = preSolution
		HideSolutionNode = FALSE
	EndGlobalSection
	GlobalSection(ExtensibilityGlobals) = postSolution
		SolutionGuid = {5BA2C5C6-9B29-4448-814F-0065FFFF7A34}
	EndGlobalSection
EndGlobal
